<?xml version="1.0" encoding="utf-8"?>
<Project ToolsVersion="4.0" xmlns="http://schemas.microsoft.com/developer/msbuild/2003">
  <ItemGroup>
    <Filter Include="Исходные файлы">
      <UniqueIdentifier>{4FC737F1-C7A5-4376-A066-2A32D752A2FF}</UniqueIdentifier>
      <Extensions>cpp;c;cc;cxx;def;odl;idl;hpj;bat;asm;asmx</Extensions>
    </Filter>
    <Filter Include="Файлы заголовков">
      <UniqueIdentifier>{93995380-89BD-4b04-88EB-625FBE52EBFB}</UniqueIdentifier>
      <Extensions>h;hh;hpp;hxx;hm;inl;inc;ipp;xsd</Extensions>
    </Filter>
    <Filter Include="Файлы ресурсов">
      <UniqueIdentifier>{67DA6AB6-F800-4c08-8B7A-83BB121AAD01}</UniqueIdentifier>
      <Extensions>rc;ico;cur;bmp;dlg;rc2;rct;bin;rgs;gif;jpg;jpeg;jpe;resx;tiff;tif;png;wav;mfcribbon-ms</Extensions>
    </Filter>
    <Filter Include="Исходные файлы\Sortings">
      <UniqueIdentifier>{2c4bc69b-5daa-4bc9-a5b7-29b84e170afd}</UniqueIdentifier>
    </Filter>
    <Filter Include="Исходные файлы\Staff">
      <UniqueIdentifier>{2b74a703-1d89-4165-abe4-19a047f2a69c}</UniqueIdentifier>
    </Filter>
    <Filter Include="Исходные файлы\Interpreter">
      <UniqueIdentifier>{2d43bb39-e9a1-42cd-840f-04a4567a1919}</UniqueIdentifier>
    </Filter>
  </ItemGroup>
  <ItemGroup>
    <ClCompile Include="main.cpp">
      <Filter>Исходные файлы</Filter>
    </ClCompile>
    <ClCompile Include="iNTER.cpp">
      <Filter>Исходные файлы\Interpreter</Filter>
    </ClCompile>
  </ItemGroup>
  <ItemGroup>
    <ClInclude Include="Swap.h">
      <Filter>Исходные файлы\Sortings</Filter>
    </ClInclude>
    <ClInclude Include="Selection.h">
      <Filter>Исходные файлы\Sortings</Filter>
    </ClInclude>
    <ClInclude Include="Insert.h">
      <Filter>Исходные файлы\Sortings</Filter>
    </ClInclude>
    <ClInclude Include="Fillings.h">
      <Filter>Исходные файлы\Staff</Filter>
    </ClInclude>
    <ClInclude Include="Staff.h">
      <Filter>Исходные файлы\Staff</Filter>
    </ClInclude>
    <ClInclude Include="SoFRA.h">
      <Filter>Исходные файлы</Filter>
    </ClInclude>
    <ClInclude Include="iNTER.h">
      <Filter>Исходные файлы\Interpreter</Filter>
    </ClInclude>
  </ItemGroup>
  <ItemGroup>
    <None Include="Script.irp">
      <Filter>Файлы ресурсов</Filter>
    </None>
  </ItemGroup>
</Project>